
Microsoft Visual Studio Solution File, Format Version 12.00
# Visual Studio Version 16
VisualStudioVersion = 16.0.30611.23
MinimumVisualStudioVersion = 10.0.40219.1
Project("{FAE04EC0-301F-11D3-BF4B-00C04F79EFBC}") = "NKH.MindSqualls", "NKH.MindSqualls.csproj", "{9973018E-FC09-4549-A484-0B702ADE1EE9}"
EndProject
Project("{FAE04EC0-301F-11D3-BF4B-00C04F79EFBC}") = "WinUsbWrapper", "WinUsbWrapper\WinUsbWrapper.csproj", "{40C6E946-D5AC-43B8-AEDE-D896E9CBB3E2}"
EndProject
Project("{FAE04EC0-301F-11D3-BF4B-00C04F79EFBC}") = "NxtRemote2", "..\NxtRemote2\NxtRemote2.csproj", "{98393BA3-123E-4D9D-B14E-CFD1102B81C8}"
EndProject
Global
	GlobalSection(SolutionConfigurationPlatforms) = preSolution
		Debug|Any CPU = Debug|Any CPU
		Release|Any CPU = Release|Any CPU
	EndGlobalSection
	GlobalSection(ProjectConfigurationPlatforms) = postSolution
		{9973018E-FC09-4549-A484-0B702ADE1EE9}.Debug|Any CPU.ActiveCfg = Debug|Any CPU
		{9973018E-FC09-4549-A484-0B702ADE1EE9}.Debug|Any CPU.Build.0 = Debug|Any CPU
		{9973018E-FC09-4549-A484-0B702ADE1EE9}.Release|Any CPU.ActiveCfg = Release|Any CPU
		{9973018E-FC09-4549-A484-0B702ADE1EE9}.Release|Any CPU.Build.0 = Release|Any CPU
		{40C6E946-D5AC-43B8-AEDE-D896E9CBB3E2}.Debug|Any CPU.ActiveCfg = Debug|Any CPU
		{40C6E946-D5AC-43B8-AEDE-D896E9CBB3E2}.Debug|Any CPU.Build.0 = Debug|Any CPU
		{40C6E946-D5AC-43B8-AEDE-D896E9CBB3E2}.Release|Any CPU.ActiveCfg = Release|Any CPU
		{40C6E946-D5AC-43B8-AEDE-D896E9CBB3E2}.Release|Any CPU.Build.0 = Release|Any CPU
		{98393BA3-123E-4D9D-B14E-CFD1102B81C8}.Debug|Any CPU.ActiveCfg = Debug|Any CPU
		{98393BA3-123E-4D9D-B14E-CFD1102B81C8}.Debug|Any CPU.Build.0 = Debug|Any CPU
		{98393BA3-123E-4D9D-B14E-CFD1102B81C8}.Release|Any CPU.ActiveCfg = Release|Any CPU
		{98393BA3-123E-4D9D-B14E-CFD1102B81C8}.Release|Any CPU.Build.0 = Release|Any CPU
	EndGlobalSection
	GlobalSection(SolutionProperties) = preSolution
		HideSolutionNode = FALSE
	EndGlobalSection
	GlobalSection(ExtensibilityGlobals) = postSolution
		SolutionGuid = {390F5B6F-AA68-40C3-BC3B-9A6E959258E2}
	EndGlobalSection
EndGlobal
