
Microsoft Visual Studio Solution File, Format Version 12.00
# Visual Studio 2012
Project("{FAE04EC0-301F-11D3-BF4B-00C04F79EFBC}") = "NxtRemote2", "NxtRemote2.csproj", "{98393BA3-123E-4D9D-B14E-CFD1102B81C8}"
EndProject
Global
	GlobalSection(SolutionConfigurationPlatforms) = preSolution
		Debug|Any CPU = Debug|Any CPU
		Release|Any CPU = Release|Any CPU
	EndGlobalSection
	GlobalSection(ProjectConfigurationPlatforms) = postSolution
		{98393BA3-123E-4D9D-B14E-CFD1102B81C8}.Debug|Any CPU.ActiveCfg = Debug|Any CPU
		{98393BA3-123E-4D9D-B14E-CFD1102B81C8}.Debug|Any CPU.Build.0 = Debug|Any CPU
		{98393BA3-123E-4D9D-B14E-CFD1102B81C8}.Release|Any CPU.ActiveCfg = Release|Any CPU
		{98393BA3-123E-4D9D-B14E-CFD1102B81C8}.Release|Any CPU.Build.0 = Release|Any CPU
	EndGlobalSection
	GlobalSection(SolutionProperties) = preSolution
		HideSolutionNode = FALSE
	EndGlobalSection
EndGlobal
